
Microsoft Visual Studio Solution File, Format Version 12.00
# Visual Studio 2012
Project("{FAE04EC0-301F-11D3-BF4B-00C04F79EFBC}") = "Wordzilla", "Wordzilla\Wordzilla.csproj", "{876D6998-4F06-4AFD-8990-EDF9F265B553}"
EndProject
Global
	GlobalSection(SolutionConfigurationPlatforms) = preSolution
		Debug|iPhoneSimulator = Debug|iPhoneSimulator
		Release|iPhoneSimulator = Release|iPhoneSimulator
		Debug|iPhone = Debug|iPhone
		Release|iPhone = Release|iPhone
		Ad-Hoc|iPhone = Ad-Hoc|iPhone
		AppStore|iPhone = AppStore|iPhone
	EndGlobalSection
	GlobalSection(ProjectConfigurationPlatforms) = postSolution
		{876D6998-4F06-4AFD-8990-EDF9F265B553}.Ad-Hoc|iPhone.ActiveCfg = Ad-Hoc|iPhone
		{876D6998-4F06-4AFD-8990-EDF9F265B553}.Ad-Hoc|iPhone.Build.0 = Ad-Hoc|iPhone
		{876D6998-4F06-4AFD-8990-EDF9F265B553}.AppStore|iPhone.ActiveCfg = AppStore|iPhone
		{876D6998-4F06-4AFD-8990-EDF9F265B553}.AppStore|iPhone.Build.0 = AppStore|iPhone
		{876D6998-4F06-4AFD-8990-EDF9F265B553}.Debug|iPhone.ActiveCfg = Debug|iPhone
		{876D6998-4F06-4AFD-8990-EDF9F265B553}.Debug|iPhone.Build.0 = Debug|iPhone
		{876D6998-4F06-4AFD-8990-EDF9F265B553}.Debug|iPhoneSimulator.ActiveCfg = Debug|iPhoneSimulator
		{876D6998-4F06-4AFD-8990-EDF9F265B553}.Debug|iPhoneSimulator.Build.0 = Debug|iPhoneSimulator
		{876D6998-4F06-4AFD-8990-EDF9F265B553}.Release|iPhone.ActiveCfg = Release|iPhone
		{876D6998-4F06-4AFD-8990-EDF9F265B553}.Release|iPhone.Build.0 = Release|iPhone
		{876D6998-4F06-4AFD-8990-EDF9F265B553}.Release|iPhoneSimulator.ActiveCfg = Release|iPhoneSimulator
		{876D6998-4F06-4AFD-8990-EDF9F265B553}.Release|iPhoneSimulator.Build.0 = Release|iPhoneSimulator
	EndGlobalSection
	GlobalSection(MonoDevelopProperties) = preSolution
		StartupItem = Wordzilla\Wordzilla.csproj
	EndGlobalSection
EndGlobal
